
Microsoft Visual Studio Solution File, Format Version 12.00
# Visual Studio Version 17
VisualStudioVersion = 17.1.32210.238
MinimumVisualStudioVersion = 10.0.40219.1
Project("{9A19103F-16F7-4668-BE54-9A1E7A4F7556}") = "Session-02b", "..\Session-02b.csproj", "{866EC8AF-7182-44D2-942A-01F2A47A98D6}"
EndProject
Global
	GlobalSection(SolutionConfigurationPlatforms) = preSolution
		Debug|Any CPU = Debug|Any CPU
		Release|Any CPU = Release|Any CPU
	EndGlobalSection
	GlobalSection(ProjectConfigurationPlatforms) = postSolution
		{866EC8AF-7182-44D2-942A-01F2A47A98D6}.Debug|Any CPU.ActiveCfg = Debug|Any CPU
		{866EC8AF-7182-44D2-942A-01F2A47A98D6}.Debug|Any CPU.Build.0 = Debug|Any CPU
		{866EC8AF-7182-44D2-942A-01F2A47A98D6}.Release|Any CPU.ActiveCfg = Release|Any CPU
		{866EC8AF-7182-44D2-942A-01F2A47A98D6}.Release|Any CPU.Build.0 = Release|Any CPU
	EndGlobalSection
	GlobalSection(SolutionProperties) = preSolution
		HideSolutionNode = FALSE
	EndGlobalSection
	GlobalSection(ExtensibilityGlobals) = postSolution
		SolutionGuid = {D2959B29-A78F-4999-8DED-718B22411D9A}
	EndGlobalSection
EndGlobal
